
Microsoft Visual Studio Solution File, Format Version 12.00
# Visual Studio Version 17
VisualStudioVersion = 17.8.34525.116
MinimumVisualStudioVersion = 10.0.40219.1
Project("{9A19103F-16F7-4668-BE54-9A1E7A4F7556}") = "market-tracker-webapi", "market-tracker-webapi.csproj", "{65FE368D-49EC-49CB-AEAB-F381DBE84EB4}"
EndProject
Project("{FAE04EC0-301F-11D3-BF4B-00C04F79EFBC}") = "market-tracker-webapi-test", "..\market-tracker-webapi-test\market-tracker-webapi-test.csproj", "{D165310F-E156-4A1A-BA34-CDA376689BC7}"
EndProject
Global
	GlobalSection(SolutionConfigurationPlatforms) = preSolution
		Debug|Any CPU = Debug|Any CPU
		Release|Any CPU = Release|Any CPU
	EndGlobalSection
	GlobalSection(ProjectConfigurationPlatforms) = postSolution
		{65FE368D-49EC-49CB-AEAB-F381DBE84EB4}.Debug|Any CPU.ActiveCfg = Debug|Any CPU
		{65FE368D-49EC-49CB-AEAB-F381DBE84EB4}.Debug|Any CPU.Build.0 = Debug|Any CPU
		{65FE368D-49EC-49CB-AEAB-F381DBE84EB4}.Release|Any CPU.ActiveCfg = Release|Any CPU
		{65FE368D-49EC-49CB-AEAB-F381DBE84EB4}.Release|Any CPU.Build.0 = Release|Any CPU
		{D165310F-E156-4A1A-BA34-CDA376689BC7}.Debug|Any CPU.ActiveCfg = Debug|Any CPU
		{D165310F-E156-4A1A-BA34-CDA376689BC7}.Debug|Any CPU.Build.0 = Debug|Any CPU
		{D165310F-E156-4A1A-BA34-CDA376689BC7}.Release|Any CPU.ActiveCfg = Release|Any CPU
		{D165310F-E156-4A1A-BA34-CDA376689BC7}.Release|Any CPU.Build.0 = Release|Any CPU
	EndGlobalSection
	GlobalSection(SolutionProperties) = preSolution
		HideSolutionNode = FALSE
	EndGlobalSection
	GlobalSection(ExtensibilityGlobals) = postSolution
		SolutionGuid = {63A580D5-E811-45CA-B484-6B3BAF64FD90}
	EndGlobalSection
EndGlobal
